<?xml version="1.0" encoding="utf-8"?>
<Project ToolsVersion="4.0" xmlns="http://schemas.microsoft.com/developer/msbuild/2003">
  <ItemGroup>
    <Filter Include="Source Files">
      <UniqueIdentifier>{4FC737F1-C7A5-4376-A066-2A32D752A2FF}</UniqueIdentifier>
      <Extensions>cpp;c;cc;cxx;def;odl;idl;hpj;bat;asm;asmx</Extensions>
    </Filter>
    <Filter Include="Header Files">
      <UniqueIdentifier>{93995380-89BD-4b04-88EB-625FBE52EBFB}</UniqueIdentifier>
      <Extensions>h;hh;hpp;hxx;hm;inl;inc;xsd</Extensions>
    </Filter>
    <Filter Include="Resource Files">
      <UniqueIdentifier>{67DA6AB6-F800-4c08-8B7A-83BB121AAD01}</UniqueIdentifier>
      <Extensions>rc;ico;cur;bmp;dlg;rc2;rct;bin;rgs;gif;jpg;jpeg;jpe;resx;tiff;tif;png;wav;mfcribbon-ms</Extensions>
    </Filter>
    <Filter Include="jsoncpp">
      <UniqueIdentifier>{5704b052-3480-49c9-af87-008299feb0c6}</UniqueIdentifier>
    </Filter>
    <Filter Include="tools">
      <UniqueIdentifier>{98f54912-7a82-4c3c-834a-5667da2efe39}</UniqueIdentifier>
    </Filter>
    <Filter Include="cv">
      <UniqueIdentifier>{0838b2eb-d22c-49dc-8bb5-1f3991320289}</UniqueIdentifier>
    </Filter>
    <Filter Include="ui">
      <UniqueIdentifier>{98f2d0e6-b412-4b27-a4c2-d4568b1ef71e}</UniqueIdentifier>
    </Filter>
    <Filter Include="ds">
      <UniqueIdentifier>{7a5ef1be-c6a1-41f1-8db7-1624a55712db}</UniqueIdentifier>
    </Filter>
  </ItemGroup>
  <ItemGroup>
    <Text Include="ReadMe.txt" />
  </ItemGroup>
  <ItemGroup>
    <ClInclude Include="vrmfc.h">
      <Filter>Header Files</Filter>
    </ClInclude>
    <ClInclude Include="stdafx.h">
      <Filter>Header Files</Filter>
    </ClInclude>
    <ClInclude Include="targetver.h">
      <Filter>Header Files</Filter>
    </ClInclude>
    <ClInclude Include="Resource.h">
      <Filter>Header Files</Filter>
    </ClInclude>
    <ClInclude Include="jsoncpp\json.h">
      <Filter>jsoncpp</Filter>
    </ClInclude>
    <ClInclude Include="config.h">
      <Filter>tools</Filter>
    </ClInclude>
    <ClInclude Include="mat2gdi.h">
      <Filter>cv</Filter>
    </ClInclude>
    <ClInclude Include="AlarmTextDlg.h">
      <Filter>ui</Filter>
    </ClInclude>
    <ClInclude Include="duilib.h">
      <Filter>ui</Filter>
    </ClInclude>
    <ClInclude Include="DuiBottomTool.h">
      <Filter>ui</Filter>
    </ClInclude>
    <ClInclude Include="vrmfcDlg.h">
      <Filter>ui</Filter>
    </ClInclude>
    <ClInclude Include="DuiConfirmExitDlg.h">
      <Filter>ui</Filter>
    </ClInclude>
    <ClInclude Include="DuiSettingsDlg.h">
      <Filter>ui</Filter>
    </ClInclude>
    <ClInclude Include="DuiPreviewCaptureDlg.h">
      <Filter>ui</Filter>
    </ClInclude>
    <ClInclude Include="DuiFileManagerDlg.h">
      <Filter>ui</Filter>
    </ClInclude>
    <ClInclude Include="CameraDS.h">
      <Filter>ds</Filter>
    </ClInclude>
    <ClInclude Include="DuiSysInfoDlg.h">
      <Filter>ui</Filter>
    </ClInclude>
    <ClInclude Include="DuiMenu.h">
      <Filter>ui</Filter>
    </ClInclude>
    <ClInclude Include="DuiPicDetailDlg.h">
      <Filter>ui</Filter>
    </ClInclude>
    <ClInclude Include="DuiVideoPlayer.h">
      <Filter>ui</Filter>
    </ClInclude>
    <ClInclude Include="AVPlayer.h">
      <Filter>tools</Filter>
    </ClInclude>
    <ClInclude Include="DuiVideoPos.h">
      <Filter>Header Files</Filter>
    </ClInclude>
    <ClInclude Include="DuiVideoDetailDlg.h">
      <Filter>ui</Filter>
    </ClInclude>
  </ItemGroup>
  <ItemGroup>
    <ClCompile Include="vrmfc.cpp">
      <Filter>Source Files</Filter>
    </ClCompile>
    <ClCompile Include="stdafx.cpp">
      <Filter>Source Files</Filter>
    </ClCompile>
    <ClCompile Include="jsoncpp\json_reader.cpp">
      <Filter>jsoncpp</Filter>
    </ClCompile>
    <ClCompile Include="jsoncpp\json_value.cpp">
      <Filter>jsoncpp</Filter>
    </ClCompile>
    <ClCompile Include="jsoncpp\json_writer.cpp">
      <Filter>jsoncpp</Filter>
    </ClCompile>
    <ClCompile Include="config.cpp">
      <Filter>tools</Filter>
    </ClCompile>
    <ClCompile Include="mat2gdi.cpp">
      <Filter>cv</Filter>
    </ClCompile>
    <ClCompile Include="AlarmTextDlg.cpp">
      <Filter>ui</Filter>
    </ClCompile>
    <ClCompile Include="vrmfcDlg.cpp">
      <Filter>ui</Filter>
    </ClCompile>
    <ClCompile Include="DuiBottomTool.cpp">
      <Filter>ui</Filter>
    </ClCompile>
    <ClCompile Include="DuiConfirmExitDlg.cpp">
      <Filter>ui</Filter>
    </ClCompile>
    <ClCompile Include="DuiPreviewCaptureDlg.cpp">
      <Filter>ui</Filter>
    </ClCompile>
    <ClCompile Include="DuiSettingsDlg.cpp">
      <Filter>ui</Filter>
    </ClCompile>
    <ClCompile Include="DuiFileManagerDlg.cpp">
      <Filter>ui</Filter>
    </ClCompile>
    <ClCompile Include="CameraDS.cpp">
      <Filter>ds</Filter>
    </ClCompile>
    <ClCompile Include="DuiSysInfoDlg.cpp">
      <Filter>ui</Filter>
    </ClCompile>
    <ClCompile Include="DuiMenu.cpp">
      <Filter>ui</Filter>
    </ClCompile>
    <ClCompile Include="DuiPicDetailDlg.cpp">
      <Filter>ui</Filter>
    </ClCompile>
    <ClCompile Include="DuiVideoPlayer.cpp">
      <Filter>ui</Filter>
    </ClCompile>
    <ClCompile Include="AVPlayer.cpp">
      <Filter>tools</Filter>
    </ClCompile>
    <ClCompile Include="DuiVideoPos.cpp">
      <Filter>Source Files</Filter>
    </ClCompile>
    <ClCompile Include="DuiVideoDetailDlg.cpp">
      <Filter>ui</Filter>
    </ClCompile>
  </ItemGroup>
  <ItemGroup>
    <ResourceCompile Include="vrmfc.rc">
      <Filter>Resource Files</Filter>
    </ResourceCompile>
  </ItemGroup>
  <ItemGroup>
    <None Include="res\vrmfc.rc2">
      <Filter>Resource Files</Filter>
    </None>
  </ItemGroup>
  <ItemGroup>
    <Image Include="res\vrmfc.ico">
      <Filter>Resource Files</Filter>
    </Image>
    <Image Include="res\bitmap1.bmp">
      <Filter>Resource Files</Filter>
    </Image>
  </ItemGroup>
</Project>