
Microsoft Visual Studio Solution File, Format Version 12.00
# Visual Studio 14
VisualStudioVersion = 14.0.25420.1
MinimumVisualStudioVersion = 10.0.40219.1
Project("{8BC9CEB8-8B4A-11D0-8D11-00A0C91BC942}") = "VideoRecordTool", "VideoRecordTool\VideoRecordTool.vcxproj", "{E8843352-BB80-4382-AB02-E860D9C017AE}"
	ProjectSection(ProjectDependencies) = postProject
		{E106ACD7-4E53-4AEE-942B-D0DD426DB34E} = {E106ACD7-4E53-4AEE-942B-D0DD426DB34E}
		{E8A3F6FA-AE1C-4C8E-A0B6-9C8480324EAA} = {E8A3F6FA-AE1C-4C8E-A0B6-9C8480324EAA}
	EndProjectSection
EndProject
Project("{8BC9CEB8-8B4A-11D0-8D11-00A0C91BC942}") = "DuiLib", "DuiLib\DuiLib.vcxproj", "{E106ACD7-4E53-4AEE-942B-D0DD426DB34E}"
EndProject
Project("{8BC9CEB8-8B4A-11D0-8D11-00A0C91BC942}") = "BaseClasses", "baseclasses\BaseClasses.vcxproj", "{E8A3F6FA-AE1C-4C8E-A0B6-9C8480324EAA}"
EndProject
Project("{8BC9CEB8-8B4A-11D0-8D11-00A0C91BC942}") = "vrmfc", "vrmfc\vrmfc.vcxproj", "{EB3AE2D3-2415-4065-BB26-198ED7C1B592}"
EndProject
Project("{8BC9CEB8-8B4A-11D0-8D11-00A0C91BC942}") = "camerads", "Camerads\camerads.vcxproj", "{6043066B-26D9-4579-A645-8A9A3FBD02F9}"
EndProject
Global
	GlobalSection(SolutionConfigurationPlatforms) = preSolution
		Debug_MBCS|x64 = Debug_MBCS|x64
		Debug_MBCS|x86 = Debug_MBCS|x86
		Debug|x64 = Debug|x64
		Debug|x86 = Debug|x86
		Release_MBCS|x64 = Release_MBCS|x64
		Release_MBCS|x86 = Release_MBCS|x86
		Release|x64 = Release|x64
		Release|x86 = Release|x86
	EndGlobalSection
	GlobalSection(ProjectConfigurationPlatforms) = postSolution
		{E8843352-BB80-4382-AB02-E860D9C017AE}.Debug_MBCS|x64.ActiveCfg = Debug|x64
		{E8843352-BB80-4382-AB02-E860D9C017AE}.Debug_MBCS|x64.Build.0 = Debug|x64
		{E8843352-BB80-4382-AB02-E860D9C017AE}.Debug_MBCS|x86.ActiveCfg = Debug|Win32
		{E8843352-BB80-4382-AB02-E860D9C017AE}.Debug_MBCS|x86.Build.0 = Debug|Win32
		{E8843352-BB80-4382-AB02-E860D9C017AE}.Debug|x64.ActiveCfg = Debug|x64
		{E8843352-BB80-4382-AB02-E860D9C017AE}.Debug|x64.Build.0 = Debug|x64
		{E8843352-BB80-4382-AB02-E860D9C017AE}.Debug|x86.ActiveCfg = Debug|Win32
		{E8843352-BB80-4382-AB02-E860D9C017AE}.Debug|x86.Build.0 = Debug|Win32
		{E8843352-BB80-4382-AB02-E860D9C017AE}.Release_MBCS|x64.ActiveCfg = Release|x64
		{E8843352-BB80-4382-AB02-E860D9C017AE}.Release_MBCS|x64.Build.0 = Release|x64
		{E8843352-BB80-4382-AB02-E860D9C017AE}.Release_MBCS|x86.ActiveCfg = Release|Win32
		{E8843352-BB80-4382-AB02-E860D9C017AE}.Release_MBCS|x86.Build.0 = Release|Win32
		{E8843352-BB80-4382-AB02-E860D9C017AE}.Release|x64.ActiveCfg = Release|x64
		{E8843352-BB80-4382-AB02-E860D9C017AE}.Release|x64.Build.0 = Release|x64
		{E8843352-BB80-4382-AB02-E860D9C017AE}.Release|x86.ActiveCfg = Release|Win32
		{E8843352-BB80-4382-AB02-E860D9C017AE}.Release|x86.Build.0 = Release|Win32
		{E106ACD7-4E53-4AEE-942B-D0DD426DB34E}.Debug_MBCS|x64.ActiveCfg = Release|Win32
		{E106ACD7-4E53-4AEE-942B-D0DD426DB34E}.Debug_MBCS|x64.Build.0 = Release|Win32
		{E106ACD7-4E53-4AEE-942B-D0DD426DB34E}.Debug_MBCS|x86.ActiveCfg = Debug|Win32
		{E106ACD7-4E53-4AEE-942B-D0DD426DB34E}.Debug_MBCS|x86.Build.0 = Debug|Win32
		{E106ACD7-4E53-4AEE-942B-D0DD426DB34E}.Debug|x64.ActiveCfg = Debug|Win32
		{E106ACD7-4E53-4AEE-942B-D0DD426DB34E}.Debug|x86.ActiveCfg = Debug|Win32
		{E106ACD7-4E53-4AEE-942B-D0DD426DB34E}.Debug|x86.Build.0 = Debug|Win32
		{E106ACD7-4E53-4AEE-942B-D0DD426DB34E}.Release_MBCS|x64.ActiveCfg = Release|Win32
		{E106ACD7-4E53-4AEE-942B-D0DD426DB34E}.Release_MBCS|x64.Build.0 = Release|Win32
		{E106ACD7-4E53-4AEE-942B-D0DD426DB34E}.Release_MBCS|x86.ActiveCfg = Release|Win32
		{E106ACD7-4E53-4AEE-942B-D0DD426DB34E}.Release_MBCS|x86.Build.0 = Release|Win32
		{E106ACD7-4E53-4AEE-942B-D0DD426DB34E}.Release|x64.ActiveCfg = Release|Win32
		{E106ACD7-4E53-4AEE-942B-D0DD426DB34E}.Release|x86.ActiveCfg = Release|Win32
		{E106ACD7-4E53-4AEE-942B-D0DD426DB34E}.Release|x86.Build.0 = Release|Win32
		{E8A3F6FA-AE1C-4C8E-A0B6-9C8480324EAA}.Debug_MBCS|x64.ActiveCfg = Debug_MBCS|x64
		{E8A3F6FA-AE1C-4C8E-A0B6-9C8480324EAA}.Debug_MBCS|x64.Build.0 = Debug_MBCS|x64
		{E8A3F6FA-AE1C-4C8E-A0B6-9C8480324EAA}.Debug_MBCS|x86.ActiveCfg = Debug_MBCS|Win32
		{E8A3F6FA-AE1C-4C8E-A0B6-9C8480324EAA}.Debug_MBCS|x86.Build.0 = Debug_MBCS|Win32
		{E8A3F6FA-AE1C-4C8E-A0B6-9C8480324EAA}.Debug|x64.ActiveCfg = Debug|x64
		{E8A3F6FA-AE1C-4C8E-A0B6-9C8480324EAA}.Debug|x64.Build.0 = Debug|x64
		{E8A3F6FA-AE1C-4C8E-A0B6-9C8480324EAA}.Debug|x86.ActiveCfg = Debug|Win32
		{E8A3F6FA-AE1C-4C8E-A0B6-9C8480324EAA}.Debug|x86.Build.0 = Debug|Win32
		{E8A3F6FA-AE1C-4C8E-A0B6-9C8480324EAA}.Release_MBCS|x64.ActiveCfg = Release_MBCS|x64
		{E8A3F6FA-AE1C-4C8E-A0B6-9C8480324EAA}.Release_MBCS|x64.Build.0 = Release_MBCS|x64
		{E8A3F6FA-AE1C-4C8E-A0B6-9C8480324EAA}.Release_MBCS|x86.ActiveCfg = Release_MBCS|Win32
		{E8A3F6FA-AE1C-4C8E-A0B6-9C8480324EAA}.Release_MBCS|x86.Build.0 = Release_MBCS|Win32
		{E8A3F6FA-AE1C-4C8E-A0B6-9C8480324EAA}.Release|x64.ActiveCfg = Release|x64
		{E8A3F6FA-AE1C-4C8E-A0B6-9C8480324EAA}.Release|x64.Build.0 = Release|x64
		{E8A3F6FA-AE1C-4C8E-A0B6-9C8480324EAA}.Release|x86.ActiveCfg = Release|Win32
		{E8A3F6FA-AE1C-4C8E-A0B6-9C8480324EAA}.Release|x86.Build.0 = Release|Win32
		{EB3AE2D3-2415-4065-BB26-198ED7C1B592}.Debug_MBCS|x64.ActiveCfg = Debug|x64
		{EB3AE2D3-2415-4065-BB26-198ED7C1B592}.Debug_MBCS|x64.Build.0 = Debug|x64
		{EB3AE2D3-2415-4065-BB26-198ED7C1B592}.Debug_MBCS|x86.ActiveCfg = Debug|Win32
		{EB3AE2D3-2415-4065-BB26-198ED7C1B592}.Debug_MBCS|x86.Build.0 = Debug|Win32
		{EB3AE2D3-2415-4065-BB26-198ED7C1B592}.Debug|x64.ActiveCfg = Debug|x64
		{EB3AE2D3-2415-4065-BB26-198ED7C1B592}.Debug|x64.Build.0 = Debug|x64
		{EB3AE2D3-2415-4065-BB26-198ED7C1B592}.Debug|x86.ActiveCfg = Debug|Win32
		{EB3AE2D3-2415-4065-BB26-198ED7C1B592}.Debug|x86.Build.0 = Debug|Win32
		{EB3AE2D3-2415-4065-BB26-198ED7C1B592}.Release_MBCS|x64.ActiveCfg = Release|x64
		{EB3AE2D3-2415-4065-BB26-198ED7C1B592}.Release_MBCS|x64.Build.0 = Release|x64
		{EB3AE2D3-2415-4065-BB26-198ED7C1B592}.Release_MBCS|x86.ActiveCfg = Release|Win32
		{EB3AE2D3-2415-4065-BB26-198ED7C1B592}.Release_MBCS|x86.Build.0 = Release|Win32
		{EB3AE2D3-2415-4065-BB26-198ED7C1B592}.Release|x64.ActiveCfg = Release|x64
		{EB3AE2D3-2415-4065-BB26-198ED7C1B592}.Release|x64.Build.0 = Release|x64
		{EB3AE2D3-2415-4065-BB26-198ED7C1B592}.Release|x86.ActiveCfg = Release|Win32
		{EB3AE2D3-2415-4065-BB26-198ED7C1B592}.Release|x86.Build.0 = Release|Win32
		{6043066B-26D9-4579-A645-8A9A3FBD02F9}.Debug_MBCS|x64.ActiveCfg = Release|Win32
		{6043066B-26D9-4579-A645-8A9A3FBD02F9}.Debug_MBCS|x64.Build.0 = Release|Win32
		{6043066B-26D9-4579-A645-8A9A3FBD02F9}.Debug_MBCS|x86.ActiveCfg = Debug|Win32
		{6043066B-26D9-4579-A645-8A9A3FBD02F9}.Debug_MBCS|x86.Build.0 = Debug|Win32
		{6043066B-26D9-4579-A645-8A9A3FBD02F9}.Debug|x64.ActiveCfg = Debug|Win32
		{6043066B-26D9-4579-A645-8A9A3FBD02F9}.Debug|x86.ActiveCfg = Debug|Win32
		{6043066B-26D9-4579-A645-8A9A3FBD02F9}.Debug|x86.Build.0 = Debug|Win32
		{6043066B-26D9-4579-A645-8A9A3FBD02F9}.Release_MBCS|x64.ActiveCfg = Release|Win32
		{6043066B-26D9-4579-A645-8A9A3FBD02F9}.Release_MBCS|x64.Build.0 = Release|Win32
		{6043066B-26D9-4579-A645-8A9A3FBD02F9}.Release_MBCS|x86.ActiveCfg = Release|Win32
		{6043066B-26D9-4579-A645-8A9A3FBD02F9}.Release_MBCS|x86.Build.0 = Release|Win32
		{6043066B-26D9-4579-A645-8A9A3FBD02F9}.Release|x64.ActiveCfg = Release|Win32
		{6043066B-26D9-4579-A645-8A9A3FBD02F9}.Release|x86.ActiveCfg = Release|Win32
		{6043066B-26D9-4579-A645-8A9A3FBD02F9}.Release|x86.Build.0 = Release|Win32
	EndGlobalSection
	GlobalSection(SolutionProperties) = preSolution
		HideSolutionNode = FALSE
	EndGlobalSection
EndGlobal
